
Microsoft Visual Studio Solution File, Format Version 12.00
# Visual Studio Version 17
VisualStudioVersion = 17.7.34221.43
MinimumVisualStudioVersion = 10.0.40219.1
Project("{8BC9CEB8-8B4A-11D0-8D11-00A0C91BC942}") = "Tuan06", "Tuan06\Tuan06.vcxproj", "{4664FD64-E9FE-4A3E-83D1-C2B6052E0752}"
EndProject
Global
	GlobalSection(SolutionConfigurationPlatforms) = preSolution
		Debug|x64 = Debug|x64
		Debug|x86 = Debug|x86
		Release|x64 = Release|x64
		Release|x86 = Release|x86
	EndGlobalSection
	GlobalSection(ProjectConfigurationPlatforms) = postSolution
		{4664FD64-E9FE-4A3E-83D1-C2B6052E0752}.Debug|x64.ActiveCfg = Debug|x64
		{4664FD64-E9FE-4A3E-83D1-C2B6052E0752}.Debug|x64.Build.0 = Debug|x64
		{4664FD64-E9FE-4A3E-83D1-C2B6052E0752}.Debug|x86.ActiveCfg = Debug|Win32
		{4664FD64-E9FE-4A3E-83D1-C2B6052E0752}.Debug|x86.Build.0 = Debug|Win32
		{4664FD64-E9FE-4A3E-83D1-C2B6052E0752}.Release|x64.ActiveCfg = Release|x64
		{4664FD64-E9FE-4A3E-83D1-C2B6052E0752}.Release|x64.Build.0 = Release|x64
		{4664FD64-E9FE-4A3E-83D1-C2B6052E0752}.Release|x86.ActiveCfg = Release|Win32
		{4664FD64-E9FE-4A3E-83D1-C2B6052E0752}.Release|x86.Build.0 = Release|Win32
	EndGlobalSection
	GlobalSection(SolutionProperties) = preSolution
		HideSolutionNode = FALSE
	EndGlobalSection
	GlobalSection(ExtensibilityGlobals) = postSolution
		SolutionGuid = {9778B316-5D22-4CBC-9D8F-68157F510E2D}
	EndGlobalSection
EndGlobal
